// !$*UTF8*$!
{
	archiveVersion = 1;
	classes = {
	};
	objectVersion = 56;
	objects = {

/* Begin PBXBuildFile section */
		E97682A42A757109001C5836 /* NYCSchoolsApp.swift in Sources */ = {isa = PBXBuildFile; fileRef = E97682A32A757109001C5836 /* NYCSchoolsApp.swift */; };
		E97682A62A757109001C5836 /* ContentView.swift in Sources */ = {isa = PBXBuildFile; fileRef = E97682A52A757109001C5836 /* ContentView.swift */; };
		E97682A82A75710A001C5836 /* Assets.xcassets in Resources */ = {isa = PBXBuildFile; fileRef = E97682A72A75710A001C5836 /* Assets.xcassets */; };
		E97682AB2A75710A001C5836 /* Preview Assets.xcassets in Resources */ = {isa = PBXBuildFile; fileRef = E97682AA2A75710A001C5836 /* Preview Assets.xcassets */; };
		E97682B52A75710A001C5836 /* NYCSchoolsTests.swift in Sources */ = {isa = PBXBuildFile; fileRef = E97682B42A75710A001C5836 /* NYCSchoolsTests.swift */; };
		E97682BF2A75710A001C5836 /* NYCSchoolsUITests.swift in Sources */ = {isa = PBXBuildFile; fileRef = E97682BE2A75710A001C5836 /* NYCSchoolsUITests.swift */; };
		E97682C12A75710A001C5836 /* NYCSchoolsUITestsLaunchTests.swift in Sources */ = {isa = PBXBuildFile; fileRef = E97682C02A75710A001C5836 /* NYCSchoolsUITestsLaunchTests.swift */; };
		E97682D22A757181001C5836 /* SchoolResponse.swift in Sources */ = {isa = PBXBuildFile; fileRef = E97682D12A757181001C5836 /* SchoolResponse.swift */; };
		E97682D42A757194001C5836 /* SchoolViewModel.swift in Sources */ = {isa = PBXBuildFile; fileRef = E97682D32A757194001C5836 /* SchoolViewModel.swift */; };
		E97682D62A7571A7001C5836 /* SchoolService.swift in Sources */ = {isa = PBXBuildFile; fileRef = E97682D52A7571A7001C5836 /* SchoolService.swift */; };
/* End PBXBuildFile section */

/* Begin PBXContainerItemProxy section */
		E97682B12A75710A001C5836 /* PBXContainerItemProxy */ = {
			isa = PBXContainerItemProxy;
			containerPortal = E97682982A757109001C5836 /* Project object */;
			proxyType = 1;
			remoteGlobalIDString = E976829F2A757109001C5836;
			remoteInfo = NYCSchools;
		};
		E97682BB2A75710A001C5836 /* PBXContainerItemProxy */ = {
			isa = PBXContainerItemProxy;
			containerPortal = E97682982A757109001C5836 /* Project object */;
			proxyType = 1;
			remoteGlobalIDString = E976829F2A757109001C5836;
			remoteInfo = NYCSchools;
		};
/* End PBXContainerItemProxy section */

/* Begin PBXFileReference section */
		E97682A02A757109001C5836 /* NYCSchools.app */ = {isa = PBXFileReference; explicitFileType = wrapper.application; includeInIndex = 0; path = NYCSchools.app; sourceTree = BUILT_PRODUCTS_DIR; };
		E97682A32A757109001C5836 /* NYCSchoolsApp.swift */ = {isa = PBXFileReference; lastKnownFileType = sourcecode.swift; path = NYCSchoolsApp.swift; sourceTree = "<group>"; };
		E97682A52A757109001C5836 /* ContentView.swift */ = {isa = PBXFileReference; lastKnownFileType = sourcecode.swift; path = ContentView.swift; sourceTree = "<group>"; };
		E97682A72A75710A001C5836 /* Assets.xcassets */ = {isa = PBXFileReference; lastKnownFileType = folder.assetcatalog; path = Assets.xcassets; sourceTree = "<group>"; };
		E97682AA2A75710A001C5836 /* Preview Assets.xcassets */ = {isa = PBXFileReference; lastKnownFileType = folder.assetcatalog; path = "Preview Assets.xcassets"; sourceTree = "<group>"; };
		E97682B02A75710A001C5836 /* NYCSchoolsTests.xctest */ = {isa = PBXFileReference; explicitFileType = wrapper.cfbundle; includeInIndex = 0; path = NYCSchoolsTests.xctest; sourceTree = BUILT_PRODUCTS_DIR; };
		E97682B42A75710A001C5836 /* NYCSchoolsTests.swift */ = {isa = PBXFileReference; lastKnownFileType = sourcecode.swift; path = NYCSchoolsTests.swift; sourceTree = "<group>"; };
		E97682BA2A75710A001C5836 /* NYCSchoolsUITests.xctest */ = {isa = PBXFileReference; explicitFileType = wrapper.cfbundle; includeInIndex = 0; path = NYCSchoolsUITests.xctest; sourceTree = BUILT_PRODUCTS_DIR; };
		E97682BE2A75710A001C5836 /* NYCSchoolsUITests.swift */ = {isa = PBXFileReference; lastKnownFileType = sourcecode.swift; path = NYCSchoolsUITests.swift; sourceTree = "<group>"; };
		E97682C02A75710A001C5836 /* NYCSchoolsUITestsLaunchTests.swift */ = {isa = PBXFileReference; lastKnownFileType = sourcecode.swift; path = NYCSchoolsUITestsLaunchTests.swift; sourceTree = "<group>"; };
		E97682D12A757181001C5836 /* SchoolResponse.swift */ = {isa = PBXFileReference; lastKnownFileType = sourcecode.swift; path = SchoolResponse.swift; sourceTree = "<group>"; };
		E97682D32A757194001C5836 /* SchoolViewModel.swift */ = {isa = PBXFileReference; lastKnownFileType = sourcecode.swift; path = SchoolViewModel.swift; sourceTree = "<group>"; };
		E97682D52A7571A7001C5836 /* SchoolService.swift */ = {isa = PBXFileReference; lastKnownFileType = sourcecode.swift; path = SchoolService.swift; sourceTree = "<group>"; };
/* End PBXFileReference section */

/* Begin PBXFrameworksBuildPhase section */
		E976829D2A757109001C5836 /* Frameworks */ = {
			isa = PBXFrameworksBuildPhase;
			buildActionMask = 2147483647;
			files = (
			);
			runOnlyForDeploymentPostprocessing = 0;
		};
		E97682AD2A75710A001C5836 /* Frameworks */ = {
			isa = PBXFrameworksBuildPhase;
			buildActionMask = 2147483647;
			files = (
			);
			runOnlyForDeploymentPostprocessing = 0;
		};
		E97682B72A75710A001C5836 /* Frameworks */ = {
			isa = PBXFrameworksBuildPhase;
			buildActionMask = 2147483647;
			files = (
			);
			runOnlyForDeploymentPostprocessing = 0;
		};
/* End PBXFrameworksBuildPhase section */

/* Begin PBXGroup section */
		E97682972A757109001C5836 = {
			isa = PBXGroup;
			children = (
				E97682A22A757109001C5836 /* NYCSchools */,
				E97682B32A75710A001C5836 /* NYCSchoolsTests */,
				E97682BD2A75710A001C5836 /* NYCSchoolsUITests */,
				E97682A12A757109001C5836 /* Products */,
			);
			sourceTree = "<group>";
		};
		E97682A12A757109001C5836 /* Products */ = {
			isa = PBXGroup;
			children = (
				E97682A02A757109001C5836 /* NYCSchools.app */,
				E97682B02A75710A001C5836 /* NYCSchoolsTests.xctest */,
				E97682BA2A75710A001C5836 /* NYCSchoolsUITests.xctest */,
			);
			name = Products;
			sourceTree = "<group>";
		};
		E97682A22A757109001C5836 /* NYCSchools */ = {
			isa = PBXGroup;
			children = (
				E97682D02A75714C001C5836 /* Shared */,
				E97682CF2A75713E001C5836 /* Views */,
				E97682CE2A757133001C5836 /* Models */,
				E97682CD2A757123001C5836 /* Network */,
				E97682A32A757109001C5836 /* NYCSchoolsApp.swift */,
				E97682A72A75710A001C5836 /* Assets.xcassets */,
				E97682A92A75710A001C5836 /* Preview Content */,
			);
			path = NYCSchools;
			sourceTree = "<group>";
		};
		E97682A92A75710A001C5836 /* Preview Content */ = {
			isa = PBXGroup;
			children = (
				E97682AA2A75710A001C5836 /* Preview Assets.xcassets */,
			);
			path = "Preview Content";
			sourceTree = "<group>";
		};
		E97682B32A75710A001C5836 /* NYCSchoolsTests */ = {
			isa = PBXGroup;
			children = (
				E97682B42A75710A001C5836 /* NYCSchoolsTests.swift */,
			);
			path = NYCSchoolsTests;
			sourceTree = "<group>";
		};
		E97682BD2A75710A001C5836 /* NYCSchoolsUITests */ = {
			isa = PBXGroup;
			children = (
				E97682BE2A75710A001C5836 /* NYCSchoolsUITests.swift */,
				E97682C02A75710A001C5836 /* NYCSchoolsUITestsLaunchTests.swift */,
			);
			path = NYCSchoolsUITests;
			sourceTree = "<group>";
		};
		E97682CD2A757123001C5836 /* Network */ = {
			isa = PBXGroup;
			children = (
				E97682D52A7571A7001C5836 /* SchoolService.swift */,
			);
			path = Network;
			sourceTree = "<group>";
		};
		E97682CE2A757133001C5836 /* Models */ = {
			isa = PBXGroup;
			children = (
				E97682D12A757181001C5836 /* SchoolResponse.swift */,
				E97682D32A757194001C5836 /* SchoolViewModel.swift */,
			);
			path = Models;
			sourceTree = "<group>";
		};
		E97682CF2A75713E001C5836 /* Views */ = {
			isa = PBXGroup;
			children = (
				E97682A52A757109001C5836 /* ContentView.swift */,
			);
			path = Views;
			sourceTree = "<group>";
		};
		E97682D02A75714C001C5836 /* Shared */ = {
			isa = PBXGroup;
			children = (
			);
			path = Shared;
			sourceTree = "<group>";
		};
/* End PBXGroup section */

/* Begin PBXNativeTarget section */
		E976829F2A757109001C5836 /* NYCSchools */ = {
			isa = PBXNativeTarget;
			buildConfigurationList = E97682C42A75710A001C5836 /* Build configuration list for PBXNativeTarget "NYCSchools" */;
			buildPhases = (
				E976829C2A757109001C5836 /* Sources */,
				E976829D2A757109001C5836 /* Frameworks */,
				E976829E2A757109001C5836 /* Resources */,
			);
			buildRules = (
			);
			dependencies = (
			);
			name = NYCSchools;
			productName = NYCSchools;
			productReference = E97682A02A757109001C5836 /* NYCSchools.app */;
			productType = "com.apple.product-type.application";
		};
		E97682AF2A75710A001C5836 /* NYCSchoolsTests */ = {
			isa = PBXNativeTarget;
			buildConfigurationList = E97682C72A75710A001C5836 /* Build configuration list for PBXNativeTarget "NYCSchoolsTests" */;
			buildPhases = (
				E97682AC2A75710A001C5836 /* Sources */,
				E97682AD2A75710A001C5836 /* Frameworks */,
				E97682AE2A75710A001C5836 /* Resources */,
			);
			buildRules = (
			);
			dependencies = (
				E97682B22A75710A001C5836 /* PBXTargetDependency */,
			);
			name = NYCSchoolsTests;
			productName = NYCSchoolsTests;
			productReference = E97682B02A75710A001C5836 /* NYCSchoolsTests.xctest */;
			productType = "com.apple.product-type.bundle.unit-test";
		};
		E97682B92A75710A001C5836 /* NYCSchoolsUITests */ = {
			isa = PBXNativeTarget;
			buildConfigurationList = E97682CA2A75710A001C5836 /* Build configuration list for PBXNativeTarget "NYCSchoolsUITests" */;
			buildPhases = (
				E97682B62A75710A001C5836 /* Sources */,
				E97682B72A75710A001C5836 /* Frameworks */,
				E97682B82A75710A001C5836 /* Resources */,
			);
			buildRules = (
			);
			dependencies = (
				E97682BC2A75710A001C5836 /* PBXTargetDependency */,
			);
			name = NYCSchoolsUITests;
			productName = NYCSchoolsUITests;
			productReference = E97682BA2A75710A001C5836 /* NYCSchoolsUITests.xctest */;
			productType = "com.apple.product-type.bundle.ui-testing";
		};
/* End PBXNativeTarget section */

/* Begin PBXProject section */
		E97682982A757109001C5836 /* Project object */ = {
			isa = PBXProject;
			attributes = {
				BuildIndependentTargetsInParallel = 1;
				LastSwiftUpdateCheck = 1430;
				LastUpgradeCheck = 1430;
				TargetAttributes = {
					E976829F2A757109001C5836 = {
						CreatedOnToolsVersion = 14.3.1;
					};
					E97682AF2A75710A001C5836 = {
						CreatedOnToolsVersion = 14.3.1;
						TestTargetID = E976829F2A757109001C5836;
					};
					E97682B92A75710A001C5836 = {
						CreatedOnToolsVersion = 14.3.1;
						TestTargetID = E976829F2A757109001C5836;
					};
				};
			};
			buildConfigurationList = E976829B2A757109001C5836 /* Build configuration list for PBXProject "NYCSchools" */;
			compatibilityVersion = "Xcode 14.0";
			developmentRegion = en;
			hasScannedForEncodings = 0;
			knownRegions = (
				en,
				Base,
			);
			mainGroup = E97682972A757109001C5836;
			productRefGroup = E97682A12A757109001C5836 /* Products */;
			projectDirPath = "";
			projectRoot = "";
			targets = (
				E976829F2A757109001C5836 /* NYCSchools */,
				E97682AF2A75710A001C5836 /* NYCSchoolsTests */,
				E97682B92A75710A001C5836 /* NYCSchoolsUITests */,
			);
		};
/* End PBXProject section */

/* Begin PBXResourcesBuildPhase section */
		E976829E2A757109001C5836 /* Resources */ = {
			isa = PBXResourcesBuildPhase;
			buildActionMask = 2147483647;
			files = (
				E97682AB2A75710A001C5836 /* Preview Assets.xcassets in Resources */,
				E97682A82A75710A001C5836 /* Assets.xcassets in Resources */,
			);
			runOnlyForDeploymentPostprocessing = 0;
		};
		E97682AE2A75710A001C5836 /* Resources */ = {
			isa = PBXResourcesBuildPhase;
			buildActionMask = 2147483647;
			files = (
			);
			runOnlyForDeploymentPostprocessing = 0;
		};
		E97682B82A75710A001C5836 /* Resources */ = {
			isa = PBXResourcesBuildPhase;
			buildActionMask = 2147483647;
			files = (
			);
			runOnlyForDeploymentPostprocessing = 0;
		};
/* End PBXResourcesBuildPhase section */

/* Begin PBXSourcesBuildPhase section */
		E976829C2A757109001C5836 /* Sources */ = {
			isa = PBXSourcesBuildPhase;
			buildActionMask = 2147483647;
			files = (
				E97682D42A757194001C5836 /* SchoolViewModel.swift in Sources */,
				E97682A62A757109001C5836 /* ContentView.swift in Sources */,
				E97682D22A757181001C5836 /* SchoolResponse.swift in Sources */,
				E97682D62A7571A7001C5836 /* SchoolService.swift in Sources */,
				E97682A42A757109001C5836 /* NYCSchoolsApp.swift in Sources */,
			);
			runOnlyForDeploymentPostprocessing = 0;
		};
		E97682AC2A75710A001C5836 /* Sources */ = {
			isa = PBXSourcesBuildPhase;
			buildActionMask = 2147483647;
			files = (
				E97682B52A75710A001C5836 /* NYCSchoolsTests.swift in Sources */,
			);
			runOnlyForDeploymentPostprocessing = 0;
		};
		E97682B62A75710A001C5836 /* Sources */ = {
			isa = PBXSourcesBuildPhase;
			buildActionMask = 2147483647;
			files = (
				E97682BF2A75710A001C5836 /* NYCSchoolsUITests.swift in Sources */,
				E97682C12A75710A001C5836 /* NYCSchoolsUITestsLaunchTests.swift in Sources */,
			);
			runOnlyForDeploymentPostprocessing = 0;
		};
/* End PBXSourcesBuildPhase section */

/* Begin PBXTargetDependency section */
		E97682B22A75710A001C5836 /* PBXTargetDependency */ = {
			isa = PBXTargetDependency;
			target = E976829F2A757109001C5836 /* NYCSchools */;
			targetProxy = E97682B12A75710A001C5836 /* PBXContainerItemProxy */;
		};
		E97682BC2A75710A001C5836 /* PBXTargetDependency */ = {
			isa = PBXTargetDependency;
			target = E976829F2A757109001C5836 /* NYCSchools */;
			targetProxy = E97682BB2A75710A001C5836 /* PBXContainerItemProxy */;
		};
/* End PBXTargetDependency section */

/* Begin XCBuildConfiguration section */
		E97682C22A75710A001C5836 /* Debug */ = {
			isa = XCBuildConfiguration;
			buildSettings = {
				ALWAYS_SEARCH_USER_PATHS = NO;
				CLANG_ANALYZER_NONNULL = YES;
				CLANG_ANALYZER_NUMBER_OBJECT_CONVERSION = YES_AGGRESSIVE;
				CLANG_CXX_LANGUAGE_STANDARD = "gnu++20";
				CLANG_ENABLE_MODULES = YES;
				CLANG_ENABLE_OBJC_ARC = YES;
				CLANG_ENABLE_OBJC_WEAK = YES;
				CLANG_WARN_BLOCK_CAPTURE_AUTORELEASING = YES;
				CLANG_WARN_BOOL_CONVERSION = YES;
				CLANG_WARN_COMMA = YES;
				CLANG_WARN_CONSTANT_CONVERSION = YES;
				CLANG_WARN_DEPRECATED_OBJC_IMPLEMENTATIONS = YES;
				CLANG_WARN_DIRECT_OBJC_ISA_USAGE = YES_ERROR;
				CLANG_WARN_DOCUMENTATION_COMMENTS = YES;
				CLANG_WARN_EMPTY_BODY = YES;
				CLANG_WARN_ENUM_CONVERSION = YES;
				CLANG_WARN_INFINITE_RECURSION = YES;
				CLANG_WARN_INT_CONVERSION = YES;
				CLANG_WARN_NON_LITERAL_NULL_CONVERSION = YES;
				CLANG_WARN_OBJC_IMPLICIT_RETAIN_SELF = YES;
				CLANG_WARN_OBJC_LITERAL_CONVERSION = YES;
				CLANG_WARN_OBJC_ROOT_CLASS = YES_ERROR;
				CLANG_WARN_QUOTED_INCLUDE_IN_FRAMEWORK_HEADER = YES;
				CLANG_WARN_RANGE_LOOP_ANALYSIS = YES;
				CLANG_WARN_STRICT_PROTOTYPES = YES;
				CLANG_WARN_SUSPICIOUS_MOVE = YES;
				CLANG_WARN_UNGUARDED_AVAILABILITY = YES_AGGRESSIVE;
				CLANG_WARN_UNREACHABLE_CODE = YES;
				CLANG_WARN__DUPLICATE_METHOD_MATCH = YES;
				COPY_PHASE_STRIP = NO;
				DEBUG_INFORMATION_FORMAT = dwarf;
				ENABLE_STRICT_OBJC_MSGSEND = YES;
				ENABLE_TESTABILITY = YES;
				GCC_C_LANGUAGE_STANDARD = gnu11;
				GCC_DYNAMIC_NO_PIC = NO;
				GCC_NO_COMMON_BLOCKS = YES;
				GCC_OPTIMIZATION_LEVEL = 0;
				GCC_PREPROCESSOR_DEFINITIONS = (
					"DEBUG=1",
					"$(inherited)",
				);
				GCC_WARN_64_TO_32_BIT_CONVERSION = YES;
				GCC_WARN_ABOUT_RETURN_TYPE = YES_ERROR;
				GCC_WARN_UNDECLARED_SELECTOR = YES;
				GCC_WARN_UNINITIALIZED_AUTOS = YES_AGGRESSIVE;
				GCC_WARN_UNUSED_FUNCTION = YES;
				GCC_WARN_UNUSED_VARIABLE = YES;
				IPHONEOS_DEPLOYMENT_TARGET = 16.4;
				MTL_ENABLE_DEBUG_INFO = INCLUDE_SOURCE;
				MTL_FAST_MATH = YES;
				ONLY_ACTIVE_ARCH = YES;
				SDKROOT = iphoneos;
				SWIFT_ACTIVE_COMPILATION_CONDITIONS = DEBUG;
				SWIFT_OPTIMIZATION_LEVEL = "-Onone";
			};
			name = Debug;
		};
		E97682C32A75710A001C5836 /* Release */ = {
			isa = XCBuildConfiguration;
			buildSettings = {
				ALWAYS_SEARCH_USER_PATHS = NO;
				CLANG_ANALYZER_NONNULL = YES;
				CLANG_ANALYZER_NUMBER_OBJECT_CONVERSION = YES_AGGRESSIVE;
				CLANG_CXX_LANGUAGE_STANDARD = "gnu++20";
				CLANG_ENABLE_MODULES = YES;
				CLANG_ENABLE_OBJC_ARC = YES;
				CLANG_ENABLE_OBJC_WEAK = YES;
				CLANG_WARN_BLOCK_CAPTURE_AUTORELEASING = YES;
				CLANG_WARN_BOOL_CONVERSION = YES;
				CLANG_WARN_COMMA = YES;
				CLANG_WARN_CONSTANT_CONVERSION = YES;
				CLANG_WARN_DEPRECATED_OBJC_IMPLEMENTATIONS = YES;
				CLANG_WARN_DIRECT_OBJC_ISA_USAGE = YES_ERROR;
				CLANG_WARN_DOCUMENTATION_COMMENTS = YES;
				CLANG_WARN_EMPTY_BODY = YES;
				CLANG_WARN_ENUM_CONVERSION = YES;
				CLANG_WARN_INFINITE_RECURSION = YES;
				CLANG_WARN_INT_CONVERSION = YES;
				CLANG_WARN_NON_LITERAL_NULL_CONVERSION = YES;
				CLANG_WARN_OBJC_IMPLICIT_RETAIN_SELF = YES;
				CLANG_WARN_OBJC_LITERAL_CONVERSION = YES;
				CLANG_WARN_OBJC_ROOT_CLASS = YES_ERROR;
				CLANG_WARN_QUOTED_INCLUDE_IN_FRAMEWORK_HEADER = YES;
				CLANG_WARN_RANGE_LOOP_ANALYSIS = YES;
				CLANG_WARN_STRICT_PROTOTYPES = YES;
				CLANG_WARN_SUSPICIOUS_MOVE = YES;
				CLANG_WARN_UNGUARDED_AVAILABILITY = YES_AGGRESSIVE;
				CLANG_WARN_UNREACHABLE_CODE = YES;
				CLANG_WARN__DUPLICATE_METHOD_MATCH = YES;
				COPY_PHASE_STRIP = NO;
				DEBUG_INFORMATION_FORMAT = "dwarf-with-dsym";
				ENABLE_NS_ASSERTIONS = NO;
				ENABLE_STRICT_OBJC_MSGSEND = YES;
				GCC_C_LANGUAGE_STANDARD = gnu11;
				GCC_NO_COMMON_BLOCKS = YES;
				GCC_WARN_64_TO_32_BIT_CONVERSION = YES;
				GCC_WARN_ABOUT_RETURN_TYPE = YES_ERROR;
				GCC_WARN_UNDECLARED_SELECTOR = YES;
				GCC_WARN_UNINITIALIZED_AUTOS = YES_AGGRESSIVE;
				GCC_WARN_UNUSED_FUNCTION = YES;
				GCC_WARN_UNUSED_VARIABLE = YES;
				IPHONEOS_DEPLOYMENT_TARGET = 16.4;
				MTL_ENABLE_DEBUG_INFO = NO;
				MTL_FAST_MATH = YES;
				SDKROOT = iphoneos;
				SWIFT_COMPILATION_MODE = wholemodule;
				SWIFT_OPTIMIZATION_LEVEL = "-O";
				VALIDATE_PRODUCT = YES;
			};
			name = Release;
		};
		E97682C52A75710A001C5836 /* Debug */ = {
			isa = XCBuildConfiguration;
			buildSettings = {
				ASSETCATALOG_COMPILER_APPICON_NAME = AppIcon;
				ASSETCATALOG_COMPILER_GLOBAL_ACCENT_COLOR_NAME = AccentColor;
				CODE_SIGN_STYLE = Automatic;
				CURRENT_PROJECT_VERSION = 1;
				DEVELOPMENT_ASSET_PATHS = "\"NYCSchools/Preview Content\"";
				DEVELOPMENT_TEAM = G9Z86K3593;
				ENABLE_PREVIEWS = YES;
				GENERATE_INFOPLIST_FILE = YES;
				INFOPLIST_KEY_UIApplicationSceneManifest_Generation = YES;
				INFOPLIST_KEY_UIApplicationSupportsIndirectInputEvents = YES;
				INFOPLIST_KEY_UILaunchScreen_Generation = YES;
				INFOPLIST_KEY_UISupportedInterfaceOrientations_iPad = "UIInterfaceOrientationPortrait UIInterfaceOrientationPortraitUpsideDown UIInterfaceOrientationLandscapeLeft UIInterfaceOrientationLandscapeRight";
				INFOPLIST_KEY_UISupportedInterfaceOrientations_iPhone = "UIInterfaceOrientationPortrait UIInterfaceOrientationLandscapeLeft UIInterfaceOrientationLandscapeRight";
				LD_RUNPATH_SEARCH_PATHS = (
					"$(inherited)",
					"@executable_path/Frameworks",
				);
				MARKETING_VERSION = 1.0;
				PRODUCT_BUNDLE_IDENTIFIER = "Syed-Raza.NYCSchools";
				PRODUCT_NAME = "$(TARGET_NAME)";
				SWIFT_EMIT_LOC_STRINGS = YES;
				SWIFT_VERSION = 5.0;
				TARGETED_DEVICE_FAMILY = "1,2";
			};
			name = Debug;
		};
		E97682C62A75710A001C5836 /* Release */ = {
			isa = XCBuildConfiguration;
			buildSettings = {
				ASSETCATALOG_COMPILER_APPICON_NAME = AppIcon;
				ASSETCATALOG_COMPILER_GLOBAL_ACCENT_COLOR_NAME = AccentColor;
				CODE_SIGN_STYLE = Automatic;
				CURRENT_PROJECT_VERSION = 1;
				DEVELOPMENT_ASSET_PATHS = "\"NYCSchools/Preview Content\"";
				DEVELOPMENT_TEAM = G9Z86K3593;
				ENABLE_PREVIEWS = YES;
				GENERATE_INFOPLIST_FILE = YES;
				INFOPLIST_KEY_UIApplicationSceneManifest_Generation = YES;
				INFOPLIST_KEY_UIApplicationSupportsIndirectInputEvents = YES;
				INFOPLIST_KEY_UILaunchScreen_Generation = YES;
				INFOPLIST_KEY_UISupportedInterfaceOrientations_iPad = "UIInterfaceOrientationPortrait UIInterfaceOrientationPortraitUpsideDown UIInterfaceOrientationLandscapeLeft UIInterfaceOrientationLandscapeRight";
				INFOPLIST_KEY_UISupportedInterfaceOrientations_iPhone = "UIInterfaceOrientationPortrait UIInterfaceOrientationLandscapeLeft UIInterfaceOrientationLandscapeRight";
				LD_RUNPATH_SEARCH_PATHS = (
					"$(inherited)",
					"@executable_path/Frameworks",
				);
				MARKETING_VERSION = 1.0;
				PRODUCT_BUNDLE_IDENTIFIER = "Syed-Raza.NYCSchools";
				PRODUCT_NAME = "$(TARGET_NAME)";
				SWIFT_EMIT_LOC_STRINGS = YES;
				SWIFT_VERSION = 5.0;
				TARGETED_DEVICE_FAMILY = "1,2";
			};
			name = Release;
		};
		E97682C82A75710A001C5836 /* Debug */ = {
			isa = XCBuildConfiguration;
			buildSettings = {
				ALWAYS_EMBED_SWIFT_STANDARD_LIBRARIES = YES;
				BUNDLE_LOADER = "$(TEST_HOST)";
				CODE_SIGN_STYLE = Automatic;
				CURRENT_PROJECT_VERSION = 1;
				DEVELOPMENT_TEAM = G9Z86K3593;
				GENERATE_INFOPLIST_FILE = YES;
				IPHONEOS_DEPLOYMENT_TARGET = 16.4;
				MARKETING_VERSION = 1.0;
				PRODUCT_BUNDLE_IDENTIFIER = "Syed-Raza.NYCSchoolsTests";
				PRODUCT_NAME = "$(TARGET_NAME)";
				SWIFT_EMIT_LOC_STRINGS = NO;
				SWIFT_VERSION = 5.0;
				TARGETED_DEVICE_FAMILY = "1,2";
				TEST_HOST = "$(BUILT_PRODUCTS_DIR)/NYCSchools.app/$(BUNDLE_EXECUTABLE_FOLDER_PATH)/NYCSchools";
			};
			name = Debug;
		};
		E97682C92A75710A001C5836 /* Release */ = {
			isa = XCBuildConfiguration;
			buildSettings = {
				ALWAYS_EMBED_SWIFT_STANDARD_LIBRARIES = YES;
				BUNDLE_LOADER = "$(TEST_HOST)";
				CODE_SIGN_STYLE = Automatic;
				CURRENT_PROJECT_VERSION = 1;
				DEVELOPMENT_TEAM = G9Z86K3593;
				GENERATE_INFOPLIST_FILE = YES;
				IPHONEOS_DEPLOYMENT_TARGET = 16.4;
				MARKETING_VERSION = 1.0;
				PRODUCT_BUNDLE_IDENTIFIER = "Syed-Raza.NYCSchoolsTests";
				PRODUCT_NAME = "$(TARGET_NAME)";
				SWIFT_EMIT_LOC_STRINGS = NO;
				SWIFT_VERSION = 5.0;
				TARGETED_DEVICE_FAMILY = "1,2";
				TEST_HOST = "$(BUILT_PRODUCTS_DIR)/NYCSchools.app/$(BUNDLE_EXECUTABLE_FOLDER_PATH)/NYCSchools";
			};
			name = Release;
		};
		E97682CB2A75710A001C5836 /* Debug */ = {
			isa = XCBuildConfiguration;
			buildSettings = {
				ALWAYS_EMBED_SWIFT_STANDARD_LIBRARIES = YES;
				CODE_SIGN_STYLE = Automatic;
				CURRENT_PROJECT_VERSION = 1;
				DEVELOPMENT_TEAM = G9Z86K3593;
				GENERATE_INFOPLIST_FILE = YES;
				MARKETING_VERSION = 1.0;
				PRODUCT_BUNDLE_IDENTIFIER = "Syed-Raza.NYCSchoolsUITests";
				PRODUCT_NAME = "$(TARGET_NAME)";
				SWIFT_EMIT_LOC_STRINGS = NO;
				SWIFT_VERSION = 5.0;
				TARGETED_DEVICE_FAMILY = "1,2";
				TEST_TARGET_NAME = NYCSchools;
			};
			name = Debug;
		};
		E97682CC2A75710A001C5836 /* Release */ = {
			isa = XCBuildConfiguration;
			buildSettings = {
				ALWAYS_EMBED_SWIFT_STANDARD_LIBRARIES = YES;
				CODE_SIGN_STYLE = Automatic;
				CURRENT_PROJECT_VERSION = 1;
				DEVELOPMENT_TEAM = G9Z86K3593;
				GENERATE_INFOPLIST_FILE = YES;
				MARKETING_VERSION = 1.0;
				PRODUCT_BUNDLE_IDENTIFIER = "Syed-Raza.NYCSchoolsUITests";
				PRODUCT_NAME = "$(TARGET_NAME)";
				SWIFT_EMIT_LOC_STRINGS = NO;
				SWIFT_VERSION = 5.0;
				TARGETED_DEVICE_FAMILY = "1,2";
				TEST_TARGET_NAME = NYCSchools;
			};
			name = Release;
		};
/* End XCBuildConfiguration section */

/* Begin XCConfigurationList section */
		E976829B2A757109001C5836 /* Build configuration list for PBXProject "NYCSchools" */ = {
			isa = XCConfigurationList;
			buildConfigurations = (
				E97682C22A75710A001C5836 /* Debug */,
				E97682C32A75710A001C5836 /* Release */,
			);
			defaultConfigurationIsVisible = 0;
			defaultConfigurationName = Release;
		};
		E97682C42A75710A001C5836 /* Build configuration list for PBXNativeTarget "NYCSchools" */ = {
			isa = XCConfigurationList;
			buildConfigurations = (
				E97682C52A75710A001C5836 /* Debug */,
				E97682C62A75710A001C5836 /* Release */,
			);
			defaultConfigurationIsVisible = 0;
			defaultConfigurationName = Release;
		};
		E97682C72A75710A001C5836 /* Build configuration list for PBXNativeTarget "NYCSchoolsTests" */ = {
			isa = XCConfigurationList;
			buildConfigurations = (
				E97682C82A75710A001C5836 /* Debug */,
				E97682C92A75710A001C5836 /* Release */,
			);
			defaultConfigurationIsVisible = 0;
			defaultConfigurationName = Release;
		};
		E97682CA2A75710A001C5836 /* Build configuration list for PBXNativeTarget "NYCSchoolsUITests" */ = {
			isa = XCConfigurationList;
			buildConfigurations = (
				E97682CB2A75710A001C5836 /* Debug */,
				E97682CC2A75710A001C5836 /* Release */,
			);
			defaultConfigurationIsVisible = 0;
			defaultConfigurationName = Release;
		};
/* End XCConfigurationList section */
	};
	rootObject = E97682982A757109001C5836 /* Project object */;
}
